
Microsoft Visual Studio Solution File, Format Version 12.00
# Visual Studio Version 17
VisualStudioVersion = 17.4.33213.308
MinimumVisualStudioVersion = 10.0.40219.1
Project("{FAE04EC0-301F-11D3-BF4B-00C04F79EFBC}") = "Tattoo", "Tattoo\Tattoo.csproj", "{6AE281D2-8926-4D6C-9D63-19D4BF3282F4}"
EndProject
Global
	GlobalSection(SolutionConfigurationPlatforms) = preSolution
		Debug|Any CPU = Debug|Any CPU
		Release|Any CPU = Release|Any CPU
	EndGlobalSection
	GlobalSection(ProjectConfigurationPlatforms) = postSolution
		{6AE281D2-8926-4D6C-9D63-19D4BF3282F4}.Debug|Any CPU.ActiveCfg = Debug|Any CPU
		{6AE281D2-8926-4D6C-9D63-19D4BF3282F4}.Debug|Any CPU.Build.0 = Debug|Any CPU
		{6AE281D2-8926-4D6C-9D63-19D4BF3282F4}.Release|Any CPU.ActiveCfg = Release|Any CPU
		{6AE281D2-8926-4D6C-9D63-19D4BF3282F4}.Release|Any CPU.Build.0 = Release|Any CPU
	EndGlobalSection
	GlobalSection(SolutionProperties) = preSolution
		HideSolutionNode = FALSE
	EndGlobalSection
	GlobalSection(ExtensibilityGlobals) = postSolution
		SolutionGuid = {1EDFCC8D-7C2F-4CE3-AB49-AD656E3A78A6}
	EndGlobalSection
EndGlobal
